
Microsoft Visual Studio Solution File, Format Version 12.00
# Visual Studio Version 16
VisualStudioVersion = 16.0.28803.202
MinimumVisualStudioVersion = 10.0.40219.1
Project("{9A19103F-16F7-4668-BE54-9A1E7A4F7556}") = "Tests", "Tests\Tests.csproj", "{64963909-0DBE-4D54-B6A7-D0E424787157}"
EndProject
Project("{6EC3EE1D-3C4E-46DD-8F32-0CC8E7565705}") = "FParsec.CSharp.LambdaConvert", "FParsec.CSharp.LambdaConvert\FParsec.CSharp.LambdaConvert.fsproj", "{8B4ADE48-6C51-4338-838C-87B627F1561D}"
EndProject
Project("{9A19103F-16F7-4668-BE54-9A1E7A4F7556}") = "FParsec.CSharp", "FParsec.CSharp\FParsec.CSharp.csproj", "{C6D1DD6E-9812-4FE6-B796-027C51DBE7F5}"
EndProject
Global
	GlobalSection(SolutionConfigurationPlatforms) = preSolution
		Debug|Any CPU = Debug|Any CPU
		Release|Any CPU = Release|Any CPU
	EndGlobalSection
	GlobalSection(ProjectConfigurationPlatforms) = postSolution
		{64963909-0DBE-4D54-B6A7-D0E424787157}.Debug|Any CPU.ActiveCfg = Debug|Any CPU
		{64963909-0DBE-4D54-B6A7-D0E424787157}.Debug|Any CPU.Build.0 = Debug|Any CPU
		{64963909-0DBE-4D54-B6A7-D0E424787157}.Release|Any CPU.ActiveCfg = Release|Any CPU
		{64963909-0DBE-4D54-B6A7-D0E424787157}.Release|Any CPU.Build.0 = Release|Any CPU
		{8B4ADE48-6C51-4338-838C-87B627F1561D}.Debug|Any CPU.ActiveCfg = Debug|Any CPU
		{8B4ADE48-6C51-4338-838C-87B627F1561D}.Debug|Any CPU.Build.0 = Debug|Any CPU
		{8B4ADE48-6C51-4338-838C-87B627F1561D}.Release|Any CPU.ActiveCfg = Release|Any CPU
		{8B4ADE48-6C51-4338-838C-87B627F1561D}.Release|Any CPU.Build.0 = Release|Any CPU
		{C6D1DD6E-9812-4FE6-B796-027C51DBE7F5}.Debug|Any CPU.ActiveCfg = Debug|Any CPU
		{C6D1DD6E-9812-4FE6-B796-027C51DBE7F5}.Debug|Any CPU.Build.0 = Debug|Any CPU
		{C6D1DD6E-9812-4FE6-B796-027C51DBE7F5}.Release|Any CPU.ActiveCfg = Release|Any CPU
		{C6D1DD6E-9812-4FE6-B796-027C51DBE7F5}.Release|Any CPU.Build.0 = Release|Any CPU
	EndGlobalSection
	GlobalSection(SolutionProperties) = preSolution
		HideSolutionNode = FALSE
	EndGlobalSection
	GlobalSection(ExtensibilityGlobals) = postSolution
		SolutionGuid = {5EC434C8-6867-437A-8508-7E6C97804785}
	EndGlobalSection
EndGlobal
